
Microsoft Visual Studio Solution File, Format Version 12.00
# Visual Studio 14
VisualStudioVersion = 14.0.25420.1
MinimumVisualStudioVersion = 10.0.40219.1
Project("{FAE04EC0-301F-11D3-BF4B-00C04F79EFBC}") = "ECommerceMobile", "ECommerceMobile\ECommerceMobile\ECommerceMobile.csproj", "{9632B080-A64D-423C-99D2-3DDB542945E4}"
EndProject
Project("{FAE04EC0-301F-11D3-BF4B-00C04F79EFBC}") = "ECommerceMobile.Droid", "ECommerceMobile\ECommerceMobile.Droid\ECommerceMobile.Droid.csproj", "{F08C5926-CA00-4451-9C3D-20CB0976540E}"
EndProject
Project("{FAE04EC0-301F-11D3-BF4B-00C04F79EFBC}") = "ECommerceMobile.iOS", "ECommerceMobile\ECommerceMobile.iOS\ECommerceMobile.iOS.csproj", "{7F24DC1C-BADC-4DA6-989B-4F5F8841ED98}"
EndProject
Project("{FAE04EC0-301F-11D3-BF4B-00C04F79EFBC}") = "ECommerceMobile.WinPhone", "ECommerceMobile\ECommerceMobile.WinPhone\ECommerceMobile.WinPhone.csproj", "{90DB5CD7-0CFE-45C3-8BDF-D661B39A9583}"
EndProject
Project("{FAE04EC0-301F-11D3-BF4B-00C04F79EFBC}") = "ECommerceMobile.UWP", "ECommerceMobile\ECommerceMobile.UWP\ECommerceMobile.UWP.csproj", "{4058A37B-891A-411C-A8CC-F7D3E855EDCC}"
EndProject
Project("{FAE04EC0-301F-11D3-BF4B-00C04F79EFBC}") = "ECommerceMobile.Windows", "ECommerceMobile\ECommerceMobile.Windows\ECommerceMobile.Windows.csproj", "{B1902FCD-2C0B-49CC-8AE0-16B2DF018EB1}"
EndProject
Global
	GlobalSection(SolutionConfigurationPlatforms) = preSolution
		Ad-Hoc|Any CPU = Ad-Hoc|Any CPU
		Ad-Hoc|ARM = Ad-Hoc|ARM
		Ad-Hoc|iPhone = Ad-Hoc|iPhone
		Ad-Hoc|iPhoneSimulator = Ad-Hoc|iPhoneSimulator
		Ad-Hoc|x64 = Ad-Hoc|x64
		Ad-Hoc|x86 = Ad-Hoc|x86
		AppStore|Any CPU = AppStore|Any CPU
		AppStore|ARM = AppStore|ARM
		AppStore|iPhone = AppStore|iPhone
		AppStore|iPhoneSimulator = AppStore|iPhoneSimulator
		AppStore|x64 = AppStore|x64
		AppStore|x86 = AppStore|x86
		Debug|Any CPU = Debug|Any CPU
		Debug|ARM = Debug|ARM
		Debug|iPhone = Debug|iPhone
		Debug|iPhoneSimulator = Debug|iPhoneSimulator
		Debug|x64 = Debug|x64
		Debug|x86 = Debug|x86
		Release|Any CPU = Release|Any CPU
		Release|ARM = Release|ARM
		Release|iPhone = Release|iPhone
		Release|iPhoneSimulator = Release|iPhoneSimulator
		Release|x64 = Release|x64
		Release|x86 = Release|x86
	EndGlobalSection
	GlobalSection(ProjectConfigurationPlatforms) = postSolution
		{9632B080-A64D-423C-99D2-3DDB542945E4}.Ad-Hoc|Any CPU.ActiveCfg = Release|Any CPU
		{9632B080-A64D-423C-99D2-3DDB542945E4}.Ad-Hoc|Any CPU.Build.0 = Release|Any CPU
		{9632B080-A64D-423C-99D2-3DDB542945E4}.Ad-Hoc|ARM.ActiveCfg = Release|Any CPU
		{9632B080-A64D-423C-99D2-3DDB542945E4}.Ad-Hoc|ARM.Build.0 = Release|Any CPU
		{9632B080-A64D-423C-99D2-3DDB542945E4}.Ad-Hoc|iPhone.ActiveCfg = Release|Any CPU
		{9632B080-A64D-423C-99D2-3DDB542945E4}.Ad-Hoc|iPhone.Build.0 = Release|Any CPU
		{9632B080-A64D-423C-99D2-3DDB542945E4}.Ad-Hoc|iPhoneSimulator.ActiveCfg = Release|Any CPU
		{9632B080-A64D-423C-99D2-3DDB542945E4}.Ad-Hoc|iPhoneSimulator.Build.0 = Release|Any CPU
		{9632B080-A64D-423C-99D2-3DDB542945E4}.Ad-Hoc|x64.ActiveCfg = Release|Any CPU
		{9632B080-A64D-423C-99D2-3DDB542945E4}.Ad-Hoc|x64.Build.0 = Release|Any CPU
		{9632B080-A64D-423C-99D2-3DDB542945E4}.Ad-Hoc|x86.ActiveCfg = Release|Any CPU
		{9632B080-A64D-423C-99D2-3DDB542945E4}.Ad-Hoc|x86.Build.0 = Release|Any CPU
		{9632B080-A64D-423C-99D2-3DDB542945E4}.AppStore|Any CPU.ActiveCfg = Release|Any CPU
		{9632B080-A64D-423C-99D2-3DDB542945E4}.AppStore|Any CPU.Build.0 = Release|Any CPU
		{9632B080-A64D-423C-99D2-3DDB542945E4}.AppStore|ARM.ActiveCfg = Release|Any CPU
		{9632B080-A64D-423C-99D2-3DDB542945E4}.AppStore|ARM.Build.0 = Release|Any CPU
		{9632B080-A64D-423C-99D2-3DDB542945E4}.AppStore|iPhone.ActiveCfg = Release|Any CPU
		{9632B080-A64D-423C-99D2-3DDB542945E4}.AppStore|iPhone.Build.0 = Release|Any CPU
		{9632B080-A64D-423C-99D2-3DDB542945E4}.AppStore|iPhoneSimulator.ActiveCfg = Release|Any CPU
		{9632B080-A64D-423C-99D2-3DDB542945E4}.AppStore|iPhoneSimulator.Build.0 = Release|Any CPU
		{9632B080-A64D-423C-99D2-3DDB542945E4}.AppStore|x64.ActiveCfg = Release|Any CPU
		{9632B080-A64D-423C-99D2-3DDB542945E4}.AppStore|x64.Build.0 = Release|Any CPU
		{9632B080-A64D-423C-99D2-3DDB542945E4}.AppStore|x86.ActiveCfg = Release|Any CPU
		{9632B080-A64D-423C-99D2-3DDB542945E4}.AppStore|x86.Build.0 = Release|Any CPU
		{9632B080-A64D-423C-99D2-3DDB542945E4}.Debug|Any CPU.ActiveCfg = Debug|Any CPU
		{9632B080-A64D-423C-99D2-3DDB542945E4}.Debug|Any CPU.Build.0 = Debug|Any CPU
		{9632B080-A64D-423C-99D2-3DDB542945E4}.Debug|ARM.ActiveCfg = Debug|Any CPU
		{9632B080-A64D-423C-99D2-3DDB542945E4}.Debug|ARM.Build.0 = Debug|Any CPU
		{9632B080-A64D-423C-99D2-3DDB542945E4}.Debug|iPhone.ActiveCfg = Debug|Any CPU
		{9632B080-A64D-423C-99D2-3DDB542945E4}.Debug|iPhone.Build.0 = Debug|Any CPU
		{9632B080-A64D-423C-99D2-3DDB542945E4}.Debug|iPhoneSimulator.ActiveCfg = Debug|Any CPU
		{9632B080-A64D-423C-99D2-3DDB542945E4}.Debug|iPhoneSimulator.Build.0 = Debug|Any CPU
		{9632B080-A64D-423C-99D2-3DDB542945E4}.Debug|x64.ActiveCfg = Debug|Any CPU
		{9632B080-A64D-423C-99D2-3DDB542945E4}.Debug|x64.Build.0 = Debug|Any CPU
		{9632B080-A64D-423C-99D2-3DDB542945E4}.Debug|x86.ActiveCfg = Debug|Any CPU
		{9632B080-A64D-423C-99D2-3DDB542945E4}.Debug|x86.Build.0 = Debug|Any CPU
		{9632B080-A64D-423C-99D2-3DDB542945E4}.Release|Any CPU.ActiveCfg = Release|Any CPU
		{9632B080-A64D-423C-99D2-3DDB542945E4}.Release|Any CPU.Build.0 = Release|Any CPU
		{9632B080-A64D-423C-99D2-3DDB542945E4}.Release|ARM.ActiveCfg = Release|Any CPU
		{9632B080-A64D-423C-99D2-3DDB542945E4}.Release|ARM.Build.0 = Release|Any CPU
		{9632B080-A64D-423C-99D2-3DDB542945E4}.Release|iPhone.ActiveCfg = Release|Any CPU
		{9632B080-A64D-423C-99D2-3DDB542945E4}.Release|iPhone.Build.0 = Release|Any CPU
		{9632B080-A64D-423C-99D2-3DDB542945E4}.Release|iPhoneSimulator.ActiveCfg = Release|Any CPU
		{9632B080-A64D-423C-99D2-3DDB542945E4}.Release|iPhoneSimulator.Build.0 = Release|Any CPU
		{9632B080-A64D-423C-99D2-3DDB542945E4}.Release|x64.ActiveCfg = Release|Any CPU
		{9632B080-A64D-423C-99D2-3DDB542945E4}.Release|x64.Build.0 = Release|Any CPU
		{9632B080-A64D-423C-99D2-3DDB542945E4}.Release|x86.ActiveCfg = Release|Any CPU
		{9632B080-A64D-423C-99D2-3DDB542945E4}.Release|x86.Build.0 = Release|Any CPU
		{F08C5926-CA00-4451-9C3D-20CB0976540E}.Ad-Hoc|Any CPU.ActiveCfg = Release|Any CPU
		{F08C5926-CA00-4451-9C3D-20CB0976540E}.Ad-Hoc|Any CPU.Build.0 = Release|Any CPU
		{F08C5926-CA00-4451-9C3D-20CB0976540E}.Ad-Hoc|Any CPU.Deploy.0 = Release|Any CPU
		{F08C5926-CA00-4451-9C3D-20CB0976540E}.Ad-Hoc|ARM.ActiveCfg = Release|Any CPU
		{F08C5926-CA00-4451-9C3D-20CB0976540E}.Ad-Hoc|ARM.Build.0 = Release|Any CPU
		{F08C5926-CA00-4451-9C3D-20CB0976540E}.Ad-Hoc|ARM.Deploy.0 = Release|Any CPU
		{F08C5926-CA00-4451-9C3D-20CB0976540E}.Ad-Hoc|iPhone.ActiveCfg = Release|Any CPU
		{F08C5926-CA00-4451-9C3D-20CB0976540E}.Ad-Hoc|iPhone.Build.0 = Release|Any CPU
		{F08C5926-CA00-4451-9C3D-20CB0976540E}.Ad-Hoc|iPhone.Deploy.0 = Release|Any CPU
		{F08C5926-CA00-4451-9C3D-20CB0976540E}.Ad-Hoc|iPhoneSimulator.ActiveCfg = Release|Any CPU
		{F08C5926-CA00-4451-9C3D-20CB0976540E}.Ad-Hoc|iPhoneSimulator.Build.0 = Release|Any CPU
		{F08C5926-CA00-4451-9C3D-20CB0976540E}.Ad-Hoc|iPhoneSimulator.Deploy.0 = Release|Any CPU
		{F08C5926-CA00-4451-9C3D-20CB0976540E}.Ad-Hoc|x64.ActiveCfg = Release|Any CPU
		{F08C5926-CA00-4451-9C3D-20CB0976540E}.Ad-Hoc|x64.Build.0 = Release|Any CPU
		{F08C5926-CA00-4451-9C3D-20CB0976540E}.Ad-Hoc|x64.Deploy.0 = Release|Any CPU
		{F08C5926-CA00-4451-9C3D-20CB0976540E}.Ad-Hoc|x86.ActiveCfg = Release|Any CPU
		{F08C5926-CA00-4451-9C3D-20CB0976540E}.Ad-Hoc|x86.Build.0 = Release|Any CPU
		{F08C5926-CA00-4451-9C3D-20CB0976540E}.Ad-Hoc|x86.Deploy.0 = Release|Any CPU
		{F08C5926-CA00-4451-9C3D-20CB0976540E}.AppStore|Any CPU.ActiveCfg = Release|Any CPU
		{F08C5926-CA00-4451-9C3D-20CB0976540E}.AppStore|Any CPU.Build.0 = Release|Any CPU
		{F08C5926-CA00-4451-9C3D-20CB0976540E}.AppStore|Any CPU.Deploy.0 = Release|Any CPU
		{F08C5926-CA00-4451-9C3D-20CB0976540E}.AppStore|ARM.ActiveCfg = Release|Any CPU
		{F08C5926-CA00-4451-9C3D-20CB0976540E}.AppStore|ARM.Build.0 = Release|Any CPU
		{F08C5926-CA00-4451-9C3D-20CB0976540E}.AppStore|ARM.Deploy.0 = Release|Any CPU
		{F08C5926-CA00-4451-9C3D-20CB0976540E}.AppStore|iPhone.ActiveCfg = Release|Any CPU
		{F08C5926-CA00-4451-9C3D-20CB0976540E}.AppStore|iPhone.Build.0 = Release|Any CPU
		{F08C5926-CA00-4451-9C3D-20CB0976540E}.AppStore|iPhone.Deploy.0 = Release|Any CPU
		{F08C5926-CA00-4451-9C3D-20CB0976540E}.AppStore|iPhoneSimulator.ActiveCfg = Release|Any CPU
		{F08C5926-CA00-4451-9C3D-20CB0976540E}.AppStore|iPhoneSimulator.Build.0 = Release|Any CPU
		{F08C5926-CA00-4451-9C3D-20CB0976540E}.AppStore|iPhoneSimulator.Deploy.0 = Release|Any CPU
		{F08C5926-CA00-4451-9C3D-20CB0976540E}.AppStore|x64.ActiveCfg = Release|Any CPU
		{F08C5926-CA00-4451-9C3D-20CB0976540E}.AppStore|x64.Build.0 = Release|Any CPU
		{F08C5926-CA00-4451-9C3D-20CB0976540E}.AppStore|x64.Deploy.0 = Release|Any CPU
		{F08C5926-CA00-4451-9C3D-20CB0976540E}.AppStore|x86.ActiveCfg = Release|Any CPU
		{F08C5926-CA00-4451-9C3D-20CB0976540E}.AppStore|x86.Build.0 = Release|Any CPU
		{F08C5926-CA00-4451-9C3D-20CB0976540E}.AppStore|x86.Deploy.0 = Release|Any CPU
		{F08C5926-CA00-4451-9C3D-20CB0976540E}.Debug|Any CPU.ActiveCfg = Debug|Any CPU
		{F08C5926-CA00-4451-9C3D-20CB0976540E}.Debug|Any CPU.Build.0 = Debug|Any CPU
		{F08C5926-CA00-4451-9C3D-20CB0976540E}.Debug|Any CPU.Deploy.0 = Debug|Any CPU
		{F08C5926-CA00-4451-9C3D-20CB0976540E}.Debug|ARM.ActiveCfg = Debug|Any CPU
		{F08C5926-CA00-4451-9C3D-20CB0976540E}.Debug|ARM.Build.0 = Debug|Any CPU
		{F08C5926-CA00-4451-9C3D-20CB0976540E}.Debug|ARM.Deploy.0 = Debug|Any CPU
		{F08C5926-CA00-4451-9C3D-20CB0976540E}.Debug|iPhone.ActiveCfg = Debug|Any CPU
		{F08C5926-CA00-4451-9C3D-20CB0976540E}.Debug|iPhone.Build.0 = Debug|Any CPU
		{F08C5926-CA00-4451-9C3D-20CB0976540E}.Debug|iPhone.Deploy.0 = Debug|Any CPU
		{F08C5926-CA00-4451-9C3D-20CB0976540E}.Debug|iPhoneSimulator.ActiveCfg = Debug|Any CPU
		{F08C5926-CA00-4451-9C3D-20CB0976540E}.Debug|iPhoneSimulator.Build.0 = Debug|Any CPU
		{F08C5926-CA00-4451-9C3D-20CB0976540E}.Debug|iPhoneSimulator.Deploy.0 = Debug|Any CPU
		{F08C5926-CA00-4451-9C3D-20CB0976540E}.Debug|x64.ActiveCfg = Debug|Any CPU
		{F08C5926-CA00-4451-9C3D-20CB0976540E}.Debug|x64.Build.0 = Debug|Any CPU
		{F08C5926-CA00-4451-9C3D-20CB0976540E}.Debug|x64.Deploy.0 = Debug|Any CPU
		{F08C5926-CA00-4451-9C3D-20CB0976540E}.Debug|x86.ActiveCfg = Debug|Any CPU
		{F08C5926-CA00-4451-9C3D-20CB0976540E}.Debug|x86.Build.0 = Debug|Any CPU
		{F08C5926-CA00-4451-9C3D-20CB0976540E}.Debug|x86.Deploy.0 = Debug|Any CPU
		{F08C5926-CA00-4451-9C3D-20CB0976540E}.Release|Any CPU.ActiveCfg = Release|Any CPU
		{F08C5926-CA00-4451-9C3D-20CB0976540E}.Release|Any CPU.Build.0 = Release|Any CPU
		{F08C5926-CA00-4451-9C3D-20CB0976540E}.Release|Any CPU.Deploy.0 = Release|Any CPU
		{F08C5926-CA00-4451-9C3D-20CB0976540E}.Release|ARM.ActiveCfg = Release|Any CPU
		{F08C5926-CA00-4451-9C3D-20CB0976540E}.Release|ARM.Build.0 = Release|Any CPU
		{F08C5926-CA00-4451-9C3D-20CB0976540E}.Release|ARM.Deploy.0 = Release|Any CPU
		{F08C5926-CA00-4451-9C3D-20CB0976540E}.Release|iPhone.ActiveCfg = Release|Any CPU
		{F08C5926-CA00-4451-9C3D-20CB0976540E}.Release|iPhone.Build.0 = Release|Any CPU
		{F08C5926-CA00-4451-9C3D-20CB0976540E}.Release|iPhone.Deploy.0 = Release|Any CPU
		{F08C5926-CA00-4451-9C3D-20CB0976540E}.Release|iPhoneSimulator.ActiveCfg = Release|Any CPU
		{F08C5926-CA00-4451-9C3D-20CB0976540E}.Release|iPhoneSimulator.Build.0 = Release|Any CPU
		{F08C5926-CA00-4451-9C3D-20CB0976540E}.Release|iPhoneSimulator.Deploy.0 = Release|Any CPU
		{F08C5926-CA00-4451-9C3D-20CB0976540E}.Release|x64.ActiveCfg = Release|Any CPU
		{F08C5926-CA00-4451-9C3D-20CB0976540E}.Release|x64.Build.0 = Release|Any CPU
		{F08C5926-CA00-4451-9C3D-20CB0976540E}.Release|x64.Deploy.0 = Release|Any CPU
		{F08C5926-CA00-4451-9C3D-20CB0976540E}.Release|x86.ActiveCfg = Release|Any CPU
		{F08C5926-CA00-4451-9C3D-20CB0976540E}.Release|x86.Build.0 = Release|Any CPU
		{F08C5926-CA00-4451-9C3D-20CB0976540E}.Release|x86.Deploy.0 = Release|Any CPU
		{7F24DC1C-BADC-4DA6-989B-4F5F8841ED98}.Ad-Hoc|Any CPU.ActiveCfg = Ad-Hoc|iPhone
		{7F24DC1C-BADC-4DA6-989B-4F5F8841ED98}.Ad-Hoc|ARM.ActiveCfg = Ad-Hoc|iPhone
		{7F24DC1C-BADC-4DA6-989B-4F5F8841ED98}.Ad-Hoc|iPhone.ActiveCfg = Ad-Hoc|iPhone
		{7F24DC1C-BADC-4DA6-989B-4F5F8841ED98}.Ad-Hoc|iPhone.Build.0 = Ad-Hoc|iPhone
		{7F24DC1C-BADC-4DA6-989B-4F5F8841ED98}.Ad-Hoc|iPhoneSimulator.ActiveCfg = Ad-Hoc|iPhoneSimulator
		{7F24DC1C-BADC-4DA6-989B-4F5F8841ED98}.Ad-Hoc|iPhoneSimulator.Build.0 = Ad-Hoc|iPhoneSimulator
		{7F24DC1C-BADC-4DA6-989B-4F5F8841ED98}.Ad-Hoc|x64.ActiveCfg = Ad-Hoc|iPhone
		{7F24DC1C-BADC-4DA6-989B-4F5F8841ED98}.Ad-Hoc|x86.ActiveCfg = Ad-Hoc|iPhone
		{7F24DC1C-BADC-4DA6-989B-4F5F8841ED98}.AppStore|Any CPU.ActiveCfg = AppStore|iPhone
		{7F24DC1C-BADC-4DA6-989B-4F5F8841ED98}.AppStore|ARM.ActiveCfg = AppStore|iPhone
		{7F24DC1C-BADC-4DA6-989B-4F5F8841ED98}.AppStore|iPhone.ActiveCfg = AppStore|iPhone
		{7F24DC1C-BADC-4DA6-989B-4F5F8841ED98}.AppStore|iPhone.Build.0 = AppStore|iPhone
		{7F24DC1C-BADC-4DA6-989B-4F5F8841ED98}.AppStore|iPhoneSimulator.ActiveCfg = AppStore|iPhoneSimulator
		{7F24DC1C-BADC-4DA6-989B-4F5F8841ED98}.AppStore|iPhoneSimulator.Build.0 = AppStore|iPhoneSimulator
		{7F24DC1C-BADC-4DA6-989B-4F5F8841ED98}.AppStore|x64.ActiveCfg = AppStore|iPhone
		{7F24DC1C-BADC-4DA6-989B-4F5F8841ED98}.AppStore|x86.ActiveCfg = AppStore|iPhone
		{7F24DC1C-BADC-4DA6-989B-4F5F8841ED98}.Debug|Any CPU.ActiveCfg = Debug|iPhone
		{7F24DC1C-BADC-4DA6-989B-4F5F8841ED98}.Debug|ARM.ActiveCfg = Debug|iPhone
		{7F24DC1C-BADC-4DA6-989B-4F5F8841ED98}.Debug|iPhone.ActiveCfg = Debug|iPhone
		{7F24DC1C-BADC-4DA6-989B-4F5F8841ED98}.Debug|iPhone.Build.0 = Debug|iPhone
		{7F24DC1C-BADC-4DA6-989B-4F5F8841ED98}.Debug|iPhoneSimulator.ActiveCfg = Debug|iPhoneSimulator
		{7F24DC1C-BADC-4DA6-989B-4F5F8841ED98}.Debug|iPhoneSimulator.Build.0 = Debug|iPhoneSimulator
		{7F24DC1C-BADC-4DA6-989B-4F5F8841ED98}.Debug|x64.ActiveCfg = Debug|iPhone
		{7F24DC1C-BADC-4DA6-989B-4F5F8841ED98}.Debug|x86.ActiveCfg = Debug|iPhone
		{7F24DC1C-BADC-4DA6-989B-4F5F8841ED98}.Release|Any CPU.ActiveCfg = Release|iPhone
		{7F24DC1C-BADC-4DA6-989B-4F5F8841ED98}.Release|ARM.ActiveCfg = Release|iPhone
		{7F24DC1C-BADC-4DA6-989B-4F5F8841ED98}.Release|iPhone.ActiveCfg = Release|iPhone
		{7F24DC1C-BADC-4DA6-989B-4F5F8841ED98}.Release|iPhone.Build.0 = Release|iPhone
		{7F24DC1C-BADC-4DA6-989B-4F5F8841ED98}.Release|iPhoneSimulator.ActiveCfg = Release|iPhoneSimulator
		{7F24DC1C-BADC-4DA6-989B-4F5F8841ED98}.Release|iPhoneSimulator.Build.0 = Release|iPhoneSimulator
		{7F24DC1C-BADC-4DA6-989B-4F5F8841ED98}.Release|x64.ActiveCfg = Release|iPhone
		{7F24DC1C-BADC-4DA6-989B-4F5F8841ED98}.Release|x86.ActiveCfg = Release|iPhone
		{90DB5CD7-0CFE-45C3-8BDF-D661B39A9583}.Ad-Hoc|Any CPU.ActiveCfg = Release|Any CPU
		{90DB5CD7-0CFE-45C3-8BDF-D661B39A9583}.Ad-Hoc|Any CPU.Build.0 = Release|Any CPU
		{90DB5CD7-0CFE-45C3-8BDF-D661B39A9583}.Ad-Hoc|Any CPU.Deploy.0 = Release|Any CPU
		{90DB5CD7-0CFE-45C3-8BDF-D661B39A9583}.Ad-Hoc|ARM.ActiveCfg = Release|ARM
		{90DB5CD7-0CFE-45C3-8BDF-D661B39A9583}.Ad-Hoc|ARM.Build.0 = Release|ARM
		{90DB5CD7-0CFE-45C3-8BDF-D661B39A9583}.Ad-Hoc|ARM.Deploy.0 = Release|ARM
		{90DB5CD7-0CFE-45C3-8BDF-D661B39A9583}.Ad-Hoc|iPhone.ActiveCfg = Release|Any CPU
		{90DB5CD7-0CFE-45C3-8BDF-D661B39A9583}.Ad-Hoc|iPhone.Build.0 = Release|Any CPU
		{90DB5CD7-0CFE-45C3-8BDF-D661B39A9583}.Ad-Hoc|iPhone.Deploy.0 = Release|Any CPU
		{90DB5CD7-0CFE-45C3-8BDF-D661B39A9583}.Ad-Hoc|iPhoneSimulator.ActiveCfg = Release|Any CPU
		{90DB5CD7-0CFE-45C3-8BDF-D661B39A9583}.Ad-Hoc|iPhoneSimulator.Build.0 = Release|Any CPU
		{90DB5CD7-0CFE-45C3-8BDF-D661B39A9583}.Ad-Hoc|iPhoneSimulator.Deploy.0 = Release|Any CPU
		{90DB5CD7-0CFE-45C3-8BDF-D661B39A9583}.Ad-Hoc|x64.ActiveCfg = Release|Any CPU
		{90DB5CD7-0CFE-45C3-8BDF-D661B39A9583}.Ad-Hoc|x64.Build.0 = Release|Any CPU
		{90DB5CD7-0CFE-45C3-8BDF-D661B39A9583}.Ad-Hoc|x64.Deploy.0 = Release|Any CPU
		{90DB5CD7-0CFE-45C3-8BDF-D661B39A9583}.Ad-Hoc|x86.ActiveCfg = Release|x86
		{90DB5CD7-0CFE-45C3-8BDF-D661B39A9583}.Ad-Hoc|x86.Build.0 = Release|x86
		{90DB5CD7-0CFE-45C3-8BDF-D661B39A9583}.Ad-Hoc|x86.Deploy.0 = Release|x86
		{90DB5CD7-0CFE-45C3-8BDF-D661B39A9583}.AppStore|Any CPU.ActiveCfg = Release|Any CPU
		{90DB5CD7-0CFE-45C3-8BDF-D661B39A9583}.AppStore|Any CPU.Build.0 = Release|Any CPU
		{90DB5CD7-0CFE-45C3-8BDF-D661B39A9583}.AppStore|Any CPU.Deploy.0 = Release|Any CPU
		{90DB5CD7-0CFE-45C3-8BDF-D661B39A9583}.AppStore|ARM.ActiveCfg = Release|ARM
		{90DB5CD7-0CFE-45C3-8BDF-D661B39A9583}.AppStore|ARM.Build.0 = Release|ARM
		{90DB5CD7-0CFE-45C3-8BDF-D661B39A9583}.AppStore|ARM.Deploy.0 = Release|ARM
		{90DB5CD7-0CFE-45C3-8BDF-D661B39A9583}.AppStore|iPhone.ActiveCfg = Release|Any CPU
		{90DB5CD7-0CFE-45C3-8BDF-D661B39A9583}.AppStore|iPhone.Build.0 = Release|Any CPU
		{90DB5CD7-0CFE-45C3-8BDF-D661B39A9583}.AppStore|iPhone.Deploy.0 = Release|Any CPU
		{90DB5CD7-0CFE-45C3-8BDF-D661B39A9583}.AppStore|iPhoneSimulator.ActiveCfg = Release|Any CPU
		{90DB5CD7-0CFE-45C3-8BDF-D661B39A9583}.AppStore|iPhoneSimulator.Build.0 = Release|Any CPU
		{90DB5CD7-0CFE-45C3-8BDF-D661B39A9583}.AppStore|iPhoneSimulator.Deploy.0 = Release|Any CPU
		{90DB5CD7-0CFE-45C3-8BDF-D661B39A9583}.AppStore|x64.ActiveCfg = Release|Any CPU
		{90DB5CD7-0CFE-45C3-8BDF-D661B39A9583}.AppStore|x64.Build.0 = Release|Any CPU
		{90DB5CD7-0CFE-45C3-8BDF-D661B39A9583}.AppStore|x64.Deploy.0 = Release|Any CPU
		{90DB5CD7-0CFE-45C3-8BDF-D661B39A9583}.AppStore|x86.ActiveCfg = Release|x86
		{90DB5CD7-0CFE-45C3-8BDF-D661B39A9583}.AppStore|x86.Build.0 = Release|x86
		{90DB5CD7-0CFE-45C3-8BDF-D661B39A9583}.AppStore|x86.Deploy.0 = Release|x86
		{90DB5CD7-0CFE-45C3-8BDF-D661B39A9583}.Debug|Any CPU.ActiveCfg = Debug|Any CPU
		{90DB5CD7-0CFE-45C3-8BDF-D661B39A9583}.Debug|ARM.ActiveCfg = Debug|ARM
		{90DB5CD7-0CFE-45C3-8BDF-D661B39A9583}.Debug|ARM.Build.0 = Debug|ARM
		{90DB5CD7-0CFE-45C3-8BDF-D661B39A9583}.Debug|ARM.Deploy.0 = Debug|ARM
		{90DB5CD7-0CFE-45C3-8BDF-D661B39A9583}.Debug|iPhone.ActiveCfg = Debug|Any CPU
		{90DB5CD7-0CFE-45C3-8BDF-D661B39A9583}.Debug|iPhone.Build.0 = Debug|Any CPU
		{90DB5CD7-0CFE-45C3-8BDF-D661B39A9583}.Debug|iPhone.Deploy.0 = Debug|Any CPU
		{90DB5CD7-0CFE-45C3-8BDF-D661B39A9583}.Debug|iPhoneSimulator.ActiveCfg = Debug|Any CPU
		{90DB5CD7-0CFE-45C3-8BDF-D661B39A9583}.Debug|iPhoneSimulator.Build.0 = Debug|Any CPU
		{90DB5CD7-0CFE-45C3-8BDF-D661B39A9583}.Debug|iPhoneSimulator.Deploy.0 = Debug|Any CPU
		{90DB5CD7-0CFE-45C3-8BDF-D661B39A9583}.Debug|x64.ActiveCfg = Debug|Any CPU
		{90DB5CD7-0CFE-45C3-8BDF-D661B39A9583}.Debug|x64.Build.0 = Debug|Any CPU
		{90DB5CD7-0CFE-45C3-8BDF-D661B39A9583}.Debug|x64.Deploy.0 = Debug|Any CPU
		{90DB5CD7-0CFE-45C3-8BDF-D661B39A9583}.Debug|x86.ActiveCfg = Debug|x86
		{90DB5CD7-0CFE-45C3-8BDF-D661B39A9583}.Debug|x86.Build.0 = Debug|x86
		{90DB5CD7-0CFE-45C3-8BDF-D661B39A9583}.Debug|x86.Deploy.0 = Debug|x86
		{90DB5CD7-0CFE-45C3-8BDF-D661B39A9583}.Release|Any CPU.ActiveCfg = Release|Any CPU
		{90DB5CD7-0CFE-45C3-8BDF-D661B39A9583}.Release|Any CPU.Build.0 = Release|Any CPU
		{90DB5CD7-0CFE-45C3-8BDF-D661B39A9583}.Release|Any CPU.Deploy.0 = Release|Any CPU
		{90DB5CD7-0CFE-45C3-8BDF-D661B39A9583}.Release|ARM.ActiveCfg = Release|ARM
		{90DB5CD7-0CFE-45C3-8BDF-D661B39A9583}.Release|ARM.Build.0 = Release|ARM
		{90DB5CD7-0CFE-45C3-8BDF-D661B39A9583}.Release|ARM.Deploy.0 = Release|ARM
		{90DB5CD7-0CFE-45C3-8BDF-D661B39A9583}.Release|iPhone.ActiveCfg = Release|Any CPU
		{90DB5CD7-0CFE-45C3-8BDF-D661B39A9583}.Release|iPhone.Build.0 = Release|Any CPU
		{90DB5CD7-0CFE-45C3-8BDF-D661B39A9583}.Release|iPhone.Deploy.0 = Release|Any CPU
		{90DB5CD7-0CFE-45C3-8BDF-D661B39A9583}.Release|iPhoneSimulator.ActiveCfg = Release|Any CPU
		{90DB5CD7-0CFE-45C3-8BDF-D661B39A9583}.Release|iPhoneSimulator.Build.0 = Release|Any CPU
		{90DB5CD7-0CFE-45C3-8BDF-D661B39A9583}.Release|iPhoneSimulator.Deploy.0 = Release|Any CPU
		{90DB5CD7-0CFE-45C3-8BDF-D661B39A9583}.Release|x64.ActiveCfg = Release|Any CPU
		{90DB5CD7-0CFE-45C3-8BDF-D661B39A9583}.Release|x64.Build.0 = Release|Any CPU
		{90DB5CD7-0CFE-45C3-8BDF-D661B39A9583}.Release|x64.Deploy.0 = Release|Any CPU
		{90DB5CD7-0CFE-45C3-8BDF-D661B39A9583}.Release|x86.ActiveCfg = Release|x86
		{90DB5CD7-0CFE-45C3-8BDF-D661B39A9583}.Release|x86.Build.0 = Release|x86
		{90DB5CD7-0CFE-45C3-8BDF-D661B39A9583}.Release|x86.Deploy.0 = Release|x86
		{4058A37B-891A-411C-A8CC-F7D3E855EDCC}.Ad-Hoc|Any CPU.ActiveCfg = Release|x86
		{4058A37B-891A-411C-A8CC-F7D3E855EDCC}.Ad-Hoc|Any CPU.Build.0 = Release|x86
		{4058A37B-891A-411C-A8CC-F7D3E855EDCC}.Ad-Hoc|Any CPU.Deploy.0 = Release|x86
		{4058A37B-891A-411C-A8CC-F7D3E855EDCC}.Ad-Hoc|ARM.ActiveCfg = Release|ARM
		{4058A37B-891A-411C-A8CC-F7D3E855EDCC}.Ad-Hoc|ARM.Build.0 = Release|ARM
		{4058A37B-891A-411C-A8CC-F7D3E855EDCC}.Ad-Hoc|ARM.Deploy.0 = Release|ARM
		{4058A37B-891A-411C-A8CC-F7D3E855EDCC}.Ad-Hoc|iPhone.ActiveCfg = Release|x86
		{4058A37B-891A-411C-A8CC-F7D3E855EDCC}.Ad-Hoc|iPhone.Build.0 = Release|x86
		{4058A37B-891A-411C-A8CC-F7D3E855EDCC}.Ad-Hoc|iPhone.Deploy.0 = Release|x86
		{4058A37B-891A-411C-A8CC-F7D3E855EDCC}.Ad-Hoc|iPhoneSimulator.ActiveCfg = Release|x86
		{4058A37B-891A-411C-A8CC-F7D3E855EDCC}.Ad-Hoc|iPhoneSimulator.Build.0 = Release|x86
		{4058A37B-891A-411C-A8CC-F7D3E855EDCC}.Ad-Hoc|iPhoneSimulator.Deploy.0 = Release|x86
		{4058A37B-891A-411C-A8CC-F7D3E855EDCC}.Ad-Hoc|x64.ActiveCfg = Release|x64
		{4058A37B-891A-411C-A8CC-F7D3E855EDCC}.Ad-Hoc|x64.Build.0 = Release|x64
		{4058A37B-891A-411C-A8CC-F7D3E855EDCC}.Ad-Hoc|x64.Deploy.0 = Release|x64
		{4058A37B-891A-411C-A8CC-F7D3E855EDCC}.Ad-Hoc|x86.ActiveCfg = Release|x86
		{4058A37B-891A-411C-A8CC-F7D3E855EDCC}.Ad-Hoc|x86.Build.0 = Release|x86
		{4058A37B-891A-411C-A8CC-F7D3E855EDCC}.Ad-Hoc|x86.Deploy.0 = Release|x86
		{4058A37B-891A-411C-A8CC-F7D3E855EDCC}.AppStore|Any CPU.ActiveCfg = Release|x86
		{4058A37B-891A-411C-A8CC-F7D3E855EDCC}.AppStore|Any CPU.Build.0 = Release|x86
		{4058A37B-891A-411C-A8CC-F7D3E855EDCC}.AppStore|Any CPU.Deploy.0 = Release|x86
		{4058A37B-891A-411C-A8CC-F7D3E855EDCC}.AppStore|ARM.ActiveCfg = Release|ARM
		{4058A37B-891A-411C-A8CC-F7D3E855EDCC}.AppStore|ARM.Build.0 = Release|ARM
		{4058A37B-891A-411C-A8CC-F7D3E855EDCC}.AppStore|ARM.Deploy.0 = Release|ARM
		{4058A37B-891A-411C-A8CC-F7D3E855EDCC}.AppStore|iPhone.ActiveCfg = Release|x86
		{4058A37B-891A-411C-A8CC-F7D3E855EDCC}.AppStore|iPhone.Build.0 = Release|x86
		{4058A37B-891A-411C-A8CC-F7D3E855EDCC}.AppStore|iPhone.Deploy.0 = Release|x86
		{4058A37B-891A-411C-A8CC-F7D3E855EDCC}.AppStore|iPhoneSimulator.ActiveCfg = Release|x86
		{4058A37B-891A-411C-A8CC-F7D3E855EDCC}.AppStore|iPhoneSimulator.Build.0 = Release|x86
		{4058A37B-891A-411C-A8CC-F7D3E855EDCC}.AppStore|iPhoneSimulator.Deploy.0 = Release|x86
		{4058A37B-891A-411C-A8CC-F7D3E855EDCC}.AppStore|x64.ActiveCfg = Release|x64
		{4058A37B-891A-411C-A8CC-F7D3E855EDCC}.AppStore|x64.Build.0 = Release|x64
		{4058A37B-891A-411C-A8CC-F7D3E855EDCC}.AppStore|x64.Deploy.0 = Release|x64
		{4058A37B-891A-411C-A8CC-F7D3E855EDCC}.AppStore|x86.ActiveCfg = Release|x86
		{4058A37B-891A-411C-A8CC-F7D3E855EDCC}.AppStore|x86.Build.0 = Release|x86
		{4058A37B-891A-411C-A8CC-F7D3E855EDCC}.AppStore|x86.Deploy.0 = Release|x86
		{4058A37B-891A-411C-A8CC-F7D3E855EDCC}.Debug|Any CPU.ActiveCfg = Debug|x86
		{4058A37B-891A-411C-A8CC-F7D3E855EDCC}.Debug|ARM.ActiveCfg = Debug|ARM
		{4058A37B-891A-411C-A8CC-F7D3E855EDCC}.Debug|ARM.Build.0 = Debug|ARM
		{4058A37B-891A-411C-A8CC-F7D3E855EDCC}.Debug|ARM.Deploy.0 = Debug|ARM
		{4058A37B-891A-411C-A8CC-F7D3E855EDCC}.Debug|iPhone.ActiveCfg = Debug|x86
		{4058A37B-891A-411C-A8CC-F7D3E855EDCC}.Debug|iPhoneSimulator.ActiveCfg = Debug|x86
		{4058A37B-891A-411C-A8CC-F7D3E855EDCC}.Debug|x64.ActiveCfg = Debug|x64
		{4058A37B-891A-411C-A8CC-F7D3E855EDCC}.Debug|x64.Build.0 = Debug|x64
		{4058A37B-891A-411C-A8CC-F7D3E855EDCC}.Debug|x64.Deploy.0 = Debug|x64
		{4058A37B-891A-411C-A8CC-F7D3E855EDCC}.Debug|x86.ActiveCfg = Debug|x86
		{4058A37B-891A-411C-A8CC-F7D3E855EDCC}.Debug|x86.Build.0 = Debug|x86
		{4058A37B-891A-411C-A8CC-F7D3E855EDCC}.Debug|x86.Deploy.0 = Debug|x86
		{4058A37B-891A-411C-A8CC-F7D3E855EDCC}.Release|Any CPU.ActiveCfg = Release|x86
		{4058A37B-891A-411C-A8CC-F7D3E855EDCC}.Release|ARM.ActiveCfg = Release|ARM
		{4058A37B-891A-411C-A8CC-F7D3E855EDCC}.Release|ARM.Build.0 = Release|ARM
		{4058A37B-891A-411C-A8CC-F7D3E855EDCC}.Release|ARM.Deploy.0 = Release|ARM
		{4058A37B-891A-411C-A8CC-F7D3E855EDCC}.Release|iPhone.ActiveCfg = Release|x86
		{4058A37B-891A-411C-A8CC-F7D3E855EDCC}.Release|iPhoneSimulator.ActiveCfg = Release|x86
		{4058A37B-891A-411C-A8CC-F7D3E855EDCC}.Release|x64.ActiveCfg = Release|x64
		{4058A37B-891A-411C-A8CC-F7D3E855EDCC}.Release|x64.Build.0 = Release|x64
		{4058A37B-891A-411C-A8CC-F7D3E855EDCC}.Release|x64.Deploy.0 = Release|x64
		{4058A37B-891A-411C-A8CC-F7D3E855EDCC}.Release|x86.ActiveCfg = Release|x86
		{4058A37B-891A-411C-A8CC-F7D3E855EDCC}.Release|x86.Build.0 = Release|x86
		{4058A37B-891A-411C-A8CC-F7D3E855EDCC}.Release|x86.Deploy.0 = Release|x86
		{B1902FCD-2C0B-49CC-8AE0-16B2DF018EB1}.Ad-Hoc|Any CPU.ActiveCfg = Release|Any CPU
		{B1902FCD-2C0B-49CC-8AE0-16B2DF018EB1}.Ad-Hoc|Any CPU.Build.0 = Release|Any CPU
		{B1902FCD-2C0B-49CC-8AE0-16B2DF018EB1}.Ad-Hoc|Any CPU.Deploy.0 = Release|Any CPU
		{B1902FCD-2C0B-49CC-8AE0-16B2DF018EB1}.Ad-Hoc|ARM.ActiveCfg = Release|ARM
		{B1902FCD-2C0B-49CC-8AE0-16B2DF018EB1}.Ad-Hoc|ARM.Build.0 = Release|ARM
		{B1902FCD-2C0B-49CC-8AE0-16B2DF018EB1}.Ad-Hoc|ARM.Deploy.0 = Release|ARM
		{B1902FCD-2C0B-49CC-8AE0-16B2DF018EB1}.Ad-Hoc|iPhone.ActiveCfg = Release|Any CPU
		{B1902FCD-2C0B-49CC-8AE0-16B2DF018EB1}.Ad-Hoc|iPhone.Build.0 = Release|Any CPU
		{B1902FCD-2C0B-49CC-8AE0-16B2DF018EB1}.Ad-Hoc|iPhone.Deploy.0 = Release|Any CPU
		{B1902FCD-2C0B-49CC-8AE0-16B2DF018EB1}.Ad-Hoc|iPhoneSimulator.ActiveCfg = Release|Any CPU
		{B1902FCD-2C0B-49CC-8AE0-16B2DF018EB1}.Ad-Hoc|iPhoneSimulator.Build.0 = Release|Any CPU
		{B1902FCD-2C0B-49CC-8AE0-16B2DF018EB1}.Ad-Hoc|iPhoneSimulator.Deploy.0 = Release|Any CPU
		{B1902FCD-2C0B-49CC-8AE0-16B2DF018EB1}.Ad-Hoc|x64.ActiveCfg = Release|x64
		{B1902FCD-2C0B-49CC-8AE0-16B2DF018EB1}.Ad-Hoc|x64.Build.0 = Release|x64
		{B1902FCD-2C0B-49CC-8AE0-16B2DF018EB1}.Ad-Hoc|x64.Deploy.0 = Release|x64
		{B1902FCD-2C0B-49CC-8AE0-16B2DF018EB1}.Ad-Hoc|x86.ActiveCfg = Release|x86
		{B1902FCD-2C0B-49CC-8AE0-16B2DF018EB1}.Ad-Hoc|x86.Build.0 = Release|x86
		{B1902FCD-2C0B-49CC-8AE0-16B2DF018EB1}.Ad-Hoc|x86.Deploy.0 = Release|x86
		{B1902FCD-2C0B-49CC-8AE0-16B2DF018EB1}.AppStore|Any CPU.ActiveCfg = Release|Any CPU
		{B1902FCD-2C0B-49CC-8AE0-16B2DF018EB1}.AppStore|Any CPU.Build.0 = Release|Any CPU
		{B1902FCD-2C0B-49CC-8AE0-16B2DF018EB1}.AppStore|Any CPU.Deploy.0 = Release|Any CPU
		{B1902FCD-2C0B-49CC-8AE0-16B2DF018EB1}.AppStore|ARM.ActiveCfg = Release|ARM
		{B1902FCD-2C0B-49CC-8AE0-16B2DF018EB1}.AppStore|ARM.Build.0 = Release|ARM
		{B1902FCD-2C0B-49CC-8AE0-16B2DF018EB1}.AppStore|ARM.Deploy.0 = Release|ARM
		{B1902FCD-2C0B-49CC-8AE0-16B2DF018EB1}.AppStore|iPhone.ActiveCfg = Release|Any CPU
		{B1902FCD-2C0B-49CC-8AE0-16B2DF018EB1}.AppStore|iPhone.Build.0 = Release|Any CPU
		{B1902FCD-2C0B-49CC-8AE0-16B2DF018EB1}.AppStore|iPhone.Deploy.0 = Release|Any CPU
		{B1902FCD-2C0B-49CC-8AE0-16B2DF018EB1}.AppStore|iPhoneSimulator.ActiveCfg = Release|Any CPU
		{B1902FCD-2C0B-49CC-8AE0-16B2DF018EB1}.AppStore|iPhoneSimulator.Build.0 = Release|Any CPU
		{B1902FCD-2C0B-49CC-8AE0-16B2DF018EB1}.AppStore|iPhoneSimulator.Deploy.0 = Release|Any CPU
		{B1902FCD-2C0B-49CC-8AE0-16B2DF018EB1}.AppStore|x64.ActiveCfg = Release|x64
		{B1902FCD-2C0B-49CC-8AE0-16B2DF018EB1}.AppStore|x64.Build.0 = Release|x64
		{B1902FCD-2C0B-49CC-8AE0-16B2DF018EB1}.AppStore|x64.Deploy.0 = Release|x64
		{B1902FCD-2C0B-49CC-8AE0-16B2DF018EB1}.AppStore|x86.ActiveCfg = Release|x86
		{B1902FCD-2C0B-49CC-8AE0-16B2DF018EB1}.AppStore|x86.Build.0 = Release|x86
		{B1902FCD-2C0B-49CC-8AE0-16B2DF018EB1}.AppStore|x86.Deploy.0 = Release|x86
		{B1902FCD-2C0B-49CC-8AE0-16B2DF018EB1}.Debug|Any CPU.ActiveCfg = Debug|Any CPU
		{B1902FCD-2C0B-49CC-8AE0-16B2DF018EB1}.Debug|ARM.ActiveCfg = Debug|ARM
		{B1902FCD-2C0B-49CC-8AE0-16B2DF018EB1}.Debug|ARM.Build.0 = Debug|ARM
		{B1902FCD-2C0B-49CC-8AE0-16B2DF018EB1}.Debug|ARM.Deploy.0 = Debug|ARM
		{B1902FCD-2C0B-49CC-8AE0-16B2DF018EB1}.Debug|iPhone.ActiveCfg = Debug|Any CPU
		{B1902FCD-2C0B-49CC-8AE0-16B2DF018EB1}.Debug|iPhone.Build.0 = Debug|Any CPU
		{B1902FCD-2C0B-49CC-8AE0-16B2DF018EB1}.Debug|iPhone.Deploy.0 = Debug|Any CPU
		{B1902FCD-2C0B-49CC-8AE0-16B2DF018EB1}.Debug|iPhoneSimulator.ActiveCfg = Debug|Any CPU
		{B1902FCD-2C0B-49CC-8AE0-16B2DF018EB1}.Debug|iPhoneSimulator.Build.0 = Debug|Any CPU
		{B1902FCD-2C0B-49CC-8AE0-16B2DF018EB1}.Debug|iPhoneSimulator.Deploy.0 = Debug|Any CPU
		{B1902FCD-2C0B-49CC-8AE0-16B2DF018EB1}.Debug|x64.ActiveCfg = Debug|x64
		{B1902FCD-2C0B-49CC-8AE0-16B2DF018EB1}.Debug|x64.Build.0 = Debug|x64
		{B1902FCD-2C0B-49CC-8AE0-16B2DF018EB1}.Debug|x64.Deploy.0 = Debug|x64
		{B1902FCD-2C0B-49CC-8AE0-16B2DF018EB1}.Debug|x86.ActiveCfg = Debug|x86
		{B1902FCD-2C0B-49CC-8AE0-16B2DF018EB1}.Debug|x86.Build.0 = Debug|x86
		{B1902FCD-2C0B-49CC-8AE0-16B2DF018EB1}.Debug|x86.Deploy.0 = Debug|x86
		{B1902FCD-2C0B-49CC-8AE0-16B2DF018EB1}.Release|Any CPU.ActiveCfg = Release|Any CPU
		{B1902FCD-2C0B-49CC-8AE0-16B2DF018EB1}.Release|Any CPU.Build.0 = Release|Any CPU
		{B1902FCD-2C0B-49CC-8AE0-16B2DF018EB1}.Release|Any CPU.Deploy.0 = Release|Any CPU
		{B1902FCD-2C0B-49CC-8AE0-16B2DF018EB1}.Release|ARM.ActiveCfg = Release|ARM
		{B1902FCD-2C0B-49CC-8AE0-16B2DF018EB1}.Release|ARM.Build.0 = Release|ARM
		{B1902FCD-2C0B-49CC-8AE0-16B2DF018EB1}.Release|ARM.Deploy.0 = Release|ARM
		{B1902FCD-2C0B-49CC-8AE0-16B2DF018EB1}.Release|iPhone.ActiveCfg = Release|Any CPU
		{B1902FCD-2C0B-49CC-8AE0-16B2DF018EB1}.Release|iPhone.Build.0 = Release|Any CPU
		{B1902FCD-2C0B-49CC-8AE0-16B2DF018EB1}.Release|iPhone.Deploy.0 = Release|Any CPU
		{B1902FCD-2C0B-49CC-8AE0-16B2DF018EB1}.Release|iPhoneSimulator.ActiveCfg = Release|Any CPU
		{B1902FCD-2C0B-49CC-8AE0-16B2DF018EB1}.Release|iPhoneSimulator.Build.0 = Release|Any CPU
		{B1902FCD-2C0B-49CC-8AE0-16B2DF018EB1}.Release|iPhoneSimulator.Deploy.0 = Release|Any CPU
		{B1902FCD-2C0B-49CC-8AE0-16B2DF018EB1}.Release|x64.ActiveCfg = Release|x64
		{B1902FCD-2C0B-49CC-8AE0-16B2DF018EB1}.Release|x64.Build.0 = Release|x64
		{B1902FCD-2C0B-49CC-8AE0-16B2DF018EB1}.Release|x64.Deploy.0 = Release|x64
		{B1902FCD-2C0B-49CC-8AE0-16B2DF018EB1}.Release|x86.ActiveCfg = Release|x86
		{B1902FCD-2C0B-49CC-8AE0-16B2DF018EB1}.Release|x86.Build.0 = Release|x86
		{B1902FCD-2C0B-49CC-8AE0-16B2DF018EB1}.Release|x86.Deploy.0 = Release|x86
	EndGlobalSection
	GlobalSection(SolutionProperties) = preSolution
		HideSolutionNode = FALSE
	EndGlobalSection
EndGlobal
